<?xml version="1.0" encoding="utf-8"?>
<Project ToolsVersion="4.0" xmlns="http://schemas.microsoft.com/developer/msbuild/2003">
  <ItemGroup>
    <ClCompile Include="Main.cpp" />
    <ClCompile Include="ClubIDs.cpp" />
    <ClCompile Include="Talent6Stars.cpp" />
    <ClCompile Include="FixedArchivesReadingForEditor.cpp" />
    <ClCompile Include="EditorChiefExecExport.cpp" />
    <ClCompile Include="LowestLeagues.cpp" />
    <ClCompile Include="StaffNames.cpp" />
    <ClCompile Include="Country207.cpp" />
    <ClCompile Include="FemaleNames.cpp" />
    <ClCompile Include="Competitions.cpp" />
    <ClCompile Include="Formations.cpp" />
    <ClCompile Include="Editor.cpp" />
    <ClCompile Include="ParameterFiles.cpp" />
    <ClCompile Include="RendererHook.cpp" />
    <ClCompile Include="3dPatches.cpp" />
    <ClCompile Include="Translation.cpp" />
    <ClCompile Include="GenerateBigIdx.cpp" />
    <ClCompile Include="ExtendedPlayerEditor.cpp" />
    <ClCompile Include="WomensDatabase.cpp" />
    <ClCompile Include="settings\Settings.cpp">
      <Filter>settings</Filter>
    </ClCompile>
    <ClCompile Include="UcpSettings.cpp" />
    <ClCompile Include="GenericKits.cpp" />
  </ItemGroup>
  <ItemGroup>
    <ClInclude Include="ClubIDs.h" />
    <ClInclude Include="Talent6Stars.h" />
    <ClInclude Include="FixedArchivesReadingForEditor.h" />
    <ClInclude Include="EditorChiefExecExport.h" />
    <ClInclude Include="LowestLeagues.h" />
    <ClInclude Include="StaffNames.h" />
    <ClInclude Include="Country207.h" />
    <ClInclude Include="FemaleNames.h" />
    <ClInclude Include="Competitions.h" />
    <ClInclude Include="Formations.h" />
    <ClInclude Include="Editor.h" />
    <ClInclude Include="ParameterFiles.h" />
    <ClInclude Include="RendererHook.h" />
    <ClInclude Include="3dPatches.h" />
    <ClInclude Include="Translation.h" />
    <ClInclude Include="GenerateBigIdx.h" />
    <ClInclude Include="ExtendedPlayerEditor.h" />
    <ClInclude Include="WomensDatabase.h" />
    <ClInclude Include="settings\Settings.h">
      <Filter>settings</Filter>
    </ClInclude>
    <ClInclude Include="UcpSettings.h" />
    <ClInclude Include="GenericKits.h" />
  </ItemGroup>
  <ItemGroup>
    <Filter Include="settings">
      <UniqueIdentifier>{450feb4b-4971-4113-be63-8d0f5fe4c063}</UniqueIdentifier>
    </Filter>
  </ItemGroup>
</Project>