<?xml version="1.0" encoding="utf-8"?>
<Project ToolsVersion="4.0" xmlns="http://schemas.microsoft.com/developer/msbuild/2003">
  <ItemGroup>
    <ClCompile Include="Main.cpp" />
    <ClCompile Include="ClubIDs.cpp" />
    <ClCompile Include="Talent6Stars.cpp" />
    <ClCompile Include="ArtArchives.cpp" />
    <ClCompile Include="EditorChiefExecExport.cpp" />
    <ClCompile Include="LowestLeagues.cpp" />
    <ClCompile Include="StaffNames.cpp" />
    <ClCompile Include="Country207.cpp" />
    <ClCompile Include="FemaleNames.cpp" />
    <ClCompile Include="Competitions.cpp" />
    <ClCompile Include="Formations.cpp" />
    <ClCompile Include="Editor.cpp" />
    <ClCompile Include="TextFiles.cpp" />
    <ClCompile Include="RendererHook.cpp" />
    <ClCompile Include="3dPatches.cpp" />
    <ClCompile Include="Translation.cpp" />
    <ClCompile Include="ExtendedPlayerEditor.cpp" />
    <ClCompile Include="GenericKits.cpp" />
    <ClCompile Include="Kits.cpp" />
    <ClCompile Include="DatabaseOptions.cpp" />
    <ClCompile Include="CustomShaders.cpp" />
    <ClCompile Include="ReserveNames.cpp" />
    <ClCompile Include="..\shared\GenerateBigIdx.cpp" />
    <ClCompile Include="..\shared\UcpSettings.cpp" />
    <ClCompile Include="..\shared\settings\Settings.cpp">
      <Filter>settings</Filter>
    </ClCompile>
    <ClCompile Include="..\shared\shared.cpp" />
    <ClCompile Include="Assessment.cpp" />
    <ClCompile Include="..\shared\AssetLoader.cpp" />
    <ClCompile Include="..\shared\CompetitionsShared.cpp" />
    <ClCompile Include="Resolutool.cpp" />
    <ClCompile Include="..\shared\Resolutions.cpp" />
    <ClCompile Include="PlayerAppearance.cpp" />
    <ClCompile Include="..\shared\PlayerAppearanceIDs.cpp" />
    <ClCompile Include="..\shared\CustomTranslation.cpp" />
    <ClCompile Include="..\shared\DatabaseShared.cpp" />
    <ClCompile Include="..\shared\TranslationShared.cpp" />
  </ItemGroup>
  <ItemGroup>
    <ClInclude Include="ClubIDs.h" />
    <ClInclude Include="Talent6Stars.h" />
    <ClInclude Include="ArtArchives.h" />
    <ClInclude Include="EditorChiefExecExport.h" />
    <ClInclude Include="LowestLeagues.h" />
    <ClInclude Include="StaffNames.h" />
    <ClInclude Include="Country207.h" />
    <ClInclude Include="FemaleNames.h" />
    <ClInclude Include="Competitions.h" />
    <ClInclude Include="Formations.h" />
    <ClInclude Include="Editor.h" />
    <ClInclude Include="TextFiles.h" />
    <ClInclude Include="RendererHook.h" />
    <ClInclude Include="3dPatches.h" />
    <ClInclude Include="Translation.h" />
    <ClInclude Include="ExtendedPlayerEditor.h" />
    <ClInclude Include="GenericKits.h" />
    <ClInclude Include="Kits.h" />
    <ClInclude Include="DatabaseOptions.h" />
    <ClInclude Include="CustomShaders.h" />
    <ClInclude Include="ReserveNames.h" />
    <ClInclude Include="..\shared\GenerateBigIdx.h" />
    <ClInclude Include="..\shared\UcpSettings.h" />
    <ClInclude Include="..\shared\WinHeader.h" />
    <ClInclude Include="..\shared\settings\Settings.h">
      <Filter>settings</Filter>
    </ClInclude>
    <ClInclude Include="..\shared\shared.h" />
    <ClInclude Include="Assessment.h" />
    <ClInclude Include="..\shared\AssetLoader.h" />
    <ClInclude Include="..\shared\CompetitionsShared.h" />
    <ClInclude Include="Resolutool.h" />
    <ClInclude Include="..\shared\Resolutions.h" />
    <ClInclude Include="PlayerAppearance.h" />
    <ClInclude Include="..\shared\PlayerAppearanceIDs.h" />
    <ClInclude Include="..\shared\CustomTranslation.h" />
    <ClInclude Include="..\shared\DatabaseShared.h" />
    <ClInclude Include="..\shared\TranslationShared.h" />
  </ItemGroup>
  <ItemGroup>
    <Filter Include="settings">
      <UniqueIdentifier>{450feb4b-4971-4113-be63-8d0f5fe4c063}</UniqueIdentifier>
    </Filter>
  </ItemGroup>
</Project>