<?xml version="1.0" encoding="utf-8"?>
<Project ToolsVersion="4.0" xmlns="http://schemas.microsoft.com/developer/msbuild/2003">
  <ItemGroup>
    <ClCompile Include="Main.cpp" />
    <ClCompile Include="InternationalCupsFix.cpp" />
    <ClCompile Include="NationalTeamManagers.cpp" />
    <ClCompile Include="WorldCup.cpp" />
    <ClCompile Include="LeagueSelection.cpp" />
    <ClCompile Include="TournamentFinalists.cpp" />
    <ClCompile Include="Talent6Stars.cpp" />
    <ClCompile Include="MasterDatLimit.cpp" />
    <ClCompile Include="3dPatches.cpp" />
    <ClCompile Include="PlayerMatchEvents.cpp" />
    <ClCompile Include="FifaWorldPlayerGala.cpp" />
    <ClCompile Include="ScoutingSystems.cpp" />
    <ClCompile Include="LowestLeagues.cpp" />
    <ClCompile Include="PlayerDevelopment.cpp" />
    <ClCompile Include="StaffNames.cpp" />
    <ClCompile Include="ForeignersLimit.cpp" />
    <ClCompile Include="EasyEdit.cpp" />
    <ClCompile Include="TeamControl.cpp" />
    <ClCompile Include="Competitions.cpp" />
    <ClCompile Include="EABFFixes.cpp" />
    <ClCompile Include="SpareEmployeeFix.cpp" />
    <ClCompile Include="LoansLimit.cpp" />
    <ClCompile Include="EuCountries.cpp" />
    <ClCompile Include="ExcludeNames.cpp" />
    <ClCompile Include="Minikits.cpp" />
    <ClCompile Include="Balls.cpp" />
    <ClCompile Include="Log.cpp" />
    <ClCompile Include="3dMatchStandings.cpp" />
    <ClCompile Include="IncreaseSalaryOwnedClub.cpp" />
    <ClCompile Include="Kits.cpp" />
    <ClCompile Include="GfxCoreHook.cpp" />
    <ClCompile Include="MiscFormerCupOpponents.cpp" />
    <ClCompile Include="GameInterfaces.cpp" />
    <ClCompile Include="PlayerAccessories.cpp" />
    <ClCompile Include="Exception.cpp" />
    <ClCompile Include="Formations.cpp" />
    <ClCompile Include="WindowedMode.cpp" />
    <ClCompile Include="Pitch.cpp" />
    <ClCompile Include="Beta.cpp" />
    <ClCompile Include="Scouting.cpp" />
    <ClCompile Include="Media.cpp" />
    <ClCompile Include="Translation.cpp" />
    <ClCompile Include="GenericHeads.cpp" />
    <ClCompile Include="3dAdboardsAndBanners.cpp" />
    <ClCompile Include="CustomStadiums.cpp" />
    <ClCompile Include="PortraitDialog.cpp" />
    <ClCompile Include="PlayerTalks.cpp" />
    <ClCompile Include="TheClubScreenExtended.cpp" />
    <ClCompile Include="ExtendedPlayer.cpp" />
    <ClCompile Include="PlayerNameEdit.cpp" />
    <ClCompile Include="WomensDatabase.cpp" />
    <ClCompile Include="3dModels.cpp" />
    <ClCompile Include="InterfaceTheme.cpp" />
    <ClCompile Include="DatabaseOptions.cpp" />
    <ClCompile Include="CustomShaders.cpp" />
    <ClCompile Include="YouthGenCountries.cpp" />
    <ClCompile Include="ExtendedTeam.cpp" />
    <ClCompile Include="ClubSponsors.cpp" />
    <ClCompile Include="Achievements.cpp" />
    <ClCompile Include="ReserveNames.cpp" />
    <ClCompile Include="ExtendedCountry.cpp" />
    <ClCompile Include="StatsFifaRanking.cpp" />
    <ClCompile Include="MobilePhone.cpp" />
    <ClCompile Include="ChampionsLeague.cpp" />
    <ClCompile Include="..\shared\GenerateBigIdx.cpp" />
    <ClCompile Include="..\shared\shared.cpp" />
    <ClCompile Include="..\shared\UcpSettings.cpp" />
    <ClCompile Include="..\shared\settings\Settings.cpp">
      <Filter>settings</Filter>
    </ClCompile>
    <ClCompile Include="..\shared\tinyxml\tinystr.cpp">
      <Filter>tinyxml</Filter>
    </ClCompile>
    <ClCompile Include="..\shared\tinyxml\tinyxml.cpp">
      <Filter>tinyxml</Filter>
    </ClCompile>
    <ClCompile Include="..\shared\tinyxml\tinyxmlerror.cpp">
      <Filter>tinyxml</Filter>
    </ClCompile>
    <ClCompile Include="..\shared\tinyxml\tinyxmlparser.cpp">
      <Filter>tinyxml</Filter>
    </ClCompile>
  </ItemGroup>
  <ItemGroup>
    <ClInclude Include="InternationalCupsFix.h" />
    <ClInclude Include="NationalTeamManagers.h" />
    <ClInclude Include="WorldCup.h" />
    <ClInclude Include="LeagueSelection.h" />
    <ClInclude Include="TournamentFinalists.h" />
    <ClInclude Include="Talent6Stars.h" />
    <ClInclude Include="MasterDatLimit.h" />
    <ClInclude Include="3dPatches.h" />
    <ClInclude Include="PlayerMatchEvents.h" />
    <ClInclude Include="FifaWorldPlayerGala.h" />
    <ClInclude Include="ScoutingSystems.h" />
    <ClInclude Include="LowestLeagues.h" />
    <ClInclude Include="PlayerDevelopment.h" />
    <ClInclude Include="StaffNames.h" />
    <ClInclude Include="ForeignersLimit.h" />
    <ClInclude Include="EasyEdit.h" />
    <ClInclude Include="TeamControl.h" />
    <ClInclude Include="Competitions.h" />
    <ClInclude Include="EABFFixes.h" />
    <ClInclude Include="SpareEmployeeFix.h" />
    <ClInclude Include="LoansLimit.h" />
    <ClInclude Include="EuCountries.h" />
    <ClInclude Include="ExcludeNames.h" />
    <ClInclude Include="Minikits.h" />
    <ClInclude Include="Balls.h" />
    <ClInclude Include="Log.h" />
    <ClInclude Include="3dMatchStandings.h" />
    <ClInclude Include="IncreaseSalaryOwnedClub.h" />
    <ClInclude Include="Kits.h" />
    <ClInclude Include="GfxCoreHook.h" />
    <ClInclude Include="MiscFormerCupOpponents.h" />
    <ClInclude Include="GameInterfaces.h" />
    <ClInclude Include="PlayerAccessories.h" />
    <ClInclude Include="Exception.h" />
    <ClInclude Include="Formations.h" />
    <ClInclude Include="WindowedMode.h" />
    <ClInclude Include="Pitch.h" />
    <ClInclude Include="Beta.h" />
    <ClInclude Include="Scouting.h" />
    <ClInclude Include="Media.h" />
    <ClInclude Include="Translation.h" />
    <ClInclude Include="GenericHeads.h" />
    <ClInclude Include="3dAdboardsAndBanners.h" />
    <ClInclude Include="CustomStadiums.h" />
    <ClInclude Include="PortraitDialog.h" />
    <ClInclude Include="PlayerTalks.h" />
    <ClInclude Include="TheClubScreenExtended.h" />
    <ClInclude Include="ExtendedPlayer.h" />
    <ClInclude Include="PlayerNameEdit.h" />
    <ClInclude Include="WomensDatabase.h" />
    <ClInclude Include="3dModels.h" />
    <ClInclude Include="InterfaceTheme.h" />
    <ClInclude Include="DatabaseOptions.h" />
    <ClInclude Include="CustomShaders.h" />
    <ClInclude Include="YouthGenCountries.h" />
    <ClInclude Include="ExtendedTeam.h" />
    <ClInclude Include="ClubSponsors.h" />
    <ClInclude Include="Achievements.h" />
    <ClInclude Include="ReserveNames.h" />
    <ClInclude Include="ExtendedCountry.h" />
    <ClInclude Include="StatsFifaRanking.h" />
    <ClInclude Include="MobilePhone.h" />
    <ClInclude Include="ChampionsLeague.h" />
    <ClInclude Include="..\shared\GenerateBigIdx.h" />
    <ClInclude Include="..\shared\shared.h" />
    <ClInclude Include="..\shared\UcpSettings.h" />
    <ClInclude Include="..\shared\WinHeader.h" />
    <ClInclude Include="..\shared\settings\Settings.h">
      <Filter>settings</Filter>
    </ClInclude>
    <ClInclude Include="..\shared\tinyxml\tinystr.h">
      <Filter>tinyxml</Filter>
    </ClInclude>
    <ClInclude Include="..\shared\tinyxml\tinyxml.h">
      <Filter>tinyxml</Filter>
    </ClInclude>
  </ItemGroup>
  <ItemGroup>
    <Filter Include="settings">
      <UniqueIdentifier>{408a07f3-2779-4693-ae85-94632ad2bd04}</UniqueIdentifier>
    </Filter>
    <Filter Include="tinyxml">
      <UniqueIdentifier>{515b059e-f5e2-4a31-b71a-034e5aeb3343}</UniqueIdentifier>
    </Filter>
  </ItemGroup>
</Project>